// !$*UTF8*$!
{
	archiveVersion = 1;
	classes = {
	};
	objectVersion = 51;
	objects = {

/* Begin PBXBuildFile section */
		4D43470B147011C381303295 /* Pods_RickAndMorty.framework in Frameworks */ = {isa = PBXBuildFile; fileRef = EB85DE960D713D308EF4FCE6 /* Pods_RickAndMorty.framework */; };
		6500AE5726014C2800812CA9 /* TabBarViewController.swift in Sources */ = {isa = PBXBuildFile; fileRef = 6500AE5626014C2800812CA9 /* TabBarViewController.swift */; };
		6500AE5A26014D0600812CA9 /* SearchViewController.swift in Sources */ = {isa = PBXBuildFile; fileRef = 6500AE5926014D0600812CA9 /* SearchViewController.swift */; };
		6553992B26014FD500604D52 /* CharactersListViewController.swift in Sources */ = {isa = PBXBuildFile; fileRef = 6553992A26014FD500604D52 /* CharactersListViewController.swift */; };
		6553992E2601505900604D52 /* FavouritesViewController.swift in Sources */ = {isa = PBXBuildFile; fileRef = 6553992D2601505900604D52 /* FavouritesViewController.swift */; };
		6553993626027F1C00604D52 /* DataFetcher.swift in Sources */ = {isa = PBXBuildFile; fileRef = 6553993526027F1C00604D52 /* DataFetcher.swift */; };
		6553993B2602828500604D52 /* CharacterInfoViewModel.swift in Sources */ = {isa = PBXBuildFile; fileRef = 6553993A2602828500604D52 /* CharacterInfoViewModel.swift */; };
		655875B226012AF800642052 /* AppDelegate.swift in Sources */ = {isa = PBXBuildFile; fileRef = 655875B126012AF800642052 /* AppDelegate.swift */; };
		655875B426012AF800642052 /* SceneDelegate.swift in Sources */ = {isa = PBXBuildFile; fileRef = 655875B326012AF800642052 /* SceneDelegate.swift */; };
		655875B626012AF800642052 /* CharacterInfoViewController.swift in Sources */ = {isa = PBXBuildFile; fileRef = 655875B526012AF800642052 /* CharacterInfoViewController.swift */; };
		655875BB26012AFB00642052 /* Assets.xcassets in Resources */ = {isa = PBXBuildFile; fileRef = 655875BA26012AFB00642052 /* Assets.xcassets */; };
		655875BE26012AFB00642052 /* LaunchScreen.storyboard in Resources */ = {isa = PBXBuildFile; fileRef = 655875BC26012AFB00642052 /* LaunchScreen.storyboard */; };
		655875C826012B6C00642052 /* CharacterInfoView.swift in Sources */ = {isa = PBXBuildFile; fileRef = 655875C726012B6C00642052 /* CharacterInfoView.swift */; };
		655875CC26012BA000642052 /* CharacterModel.swift in Sources */ = {isa = PBXBuildFile; fileRef = 655875CB26012BA000642052 /* CharacterModel.swift */; };
		655875D126012C1100642052 /* single_character_mock.json in Resources */ = {isa = PBXBuildFile; fileRef = 655875D026012C1100642052 /* single_character_mock.json */; };
		6572F1402604DE1300D7EAC9 /* CharacterTableViewCell.swift in Sources */ = {isa = PBXBuildFile; fileRef = 6572F13F2604DE1300D7EAC9 /* CharacterTableViewCell.swift */; };
		6572F1432604EB9400D7EAC9 /* CharacterListViewModel.swift in Sources */ = {isa = PBXBuildFile; fileRef = 6572F1422604EB9400D7EAC9 /* CharacterListViewModel.swift */; };
		6572F1482604FCEC00D7EAC9 /* UITableView.swift in Sources */ = {isa = PBXBuildFile; fileRef = 6572F1472604FCEC00D7EAC9 /* UITableView.swift */; };
		6572F14C2604FD9000D7EAC9 /* Identifiable.swift in Sources */ = {isa = PBXBuildFile; fileRef = 6572F14B2604FD9000D7EAC9 /* Identifiable.swift */; };
		6572F1502605024D00D7EAC9 /* CharactersContainer.swift in Sources */ = {isa = PBXBuildFile; fileRef = 6572F14F2605024D00D7EAC9 /* CharactersContainer.swift */; };
		6572F153260505E600D7EAC9 /* Collection.swift in Sources */ = {isa = PBXBuildFile; fileRef = 6572F152260505E600D7EAC9 /* Collection.swift */; };
		65B9D10D260AE756002DB043 /* TableView+deselect.swift in Sources */ = {isa = PBXBuildFile; fileRef = 65B9D10C260AE756002DB043 /* TableView+deselect.swift */; };
		65FDACFE26013DDC00177CCF /* Coordinator.swift in Sources */ = {isa = PBXBuildFile; fileRef = 65FDACFD26013DDC00177CCF /* Coordinator.swift */; };
		65FDAD0126013ED800177CCF /* MainCoordinator.swift in Sources */ = {isa = PBXBuildFile; fileRef = 65FDAD0026013ED800177CCF /* MainCoordinator.swift */; };
/* End PBXBuildFile section */

/* Begin PBXFileReference section */
		6500AE5626014C2800812CA9 /* TabBarViewController.swift */ = {isa = PBXFileReference; lastKnownFileType = sourcecode.swift; path = TabBarViewController.swift; sourceTree = "<group>"; };
		6500AE5926014D0600812CA9 /* SearchViewController.swift */ = {isa = PBXFileReference; lastKnownFileType = sourcecode.swift; path = SearchViewController.swift; sourceTree = "<group>"; };
		6553992A26014FD500604D52 /* CharactersListViewController.swift */ = {isa = PBXFileReference; lastKnownFileType = sourcecode.swift; path = CharactersListViewController.swift; sourceTree = "<group>"; };
		6553992D2601505900604D52 /* FavouritesViewController.swift */ = {isa = PBXFileReference; lastKnownFileType = sourcecode.swift; path = FavouritesViewController.swift; sourceTree = "<group>"; };
		6553993526027F1C00604D52 /* DataFetcher.swift */ = {isa = PBXFileReference; lastKnownFileType = sourcecode.swift; path = DataFetcher.swift; sourceTree = "<group>"; };
		6553993A2602828500604D52 /* CharacterInfoViewModel.swift */ = {isa = PBXFileReference; lastKnownFileType = sourcecode.swift; path = CharacterInfoViewModel.swift; sourceTree = "<group>"; };
		655875AE26012AF800642052 /* RickAndMorty.app */ = {isa = PBXFileReference; explicitFileType = wrapper.application; includeInIndex = 0; path = RickAndMorty.app; sourceTree = BUILT_PRODUCTS_DIR; };
		655875B126012AF800642052 /* AppDelegate.swift */ = {isa = PBXFileReference; lastKnownFileType = sourcecode.swift; path = AppDelegate.swift; sourceTree = "<group>"; };
		655875B326012AF800642052 /* SceneDelegate.swift */ = {isa = PBXFileReference; lastKnownFileType = sourcecode.swift; path = SceneDelegate.swift; sourceTree = "<group>"; };
		655875B526012AF800642052 /* CharacterInfoViewController.swift */ = {isa = PBXFileReference; lastKnownFileType = sourcecode.swift; path = CharacterInfoViewController.swift; sourceTree = "<group>"; };
		655875BA26012AFB00642052 /* Assets.xcassets */ = {isa = PBXFileReference; lastKnownFileType = folder.assetcatalog; path = Assets.xcassets; sourceTree = "<group>"; };
		655875BD26012AFB00642052 /* Base */ = {isa = PBXFileReference; lastKnownFileType = file.storyboard; name = Base; path = Base.lproj/LaunchScreen.storyboard; sourceTree = "<group>"; };
		655875BF26012AFB00642052 /* Info.plist */ = {isa = PBXFileReference; lastKnownFileType = text.plist.xml; path = Info.plist; sourceTree = "<group>"; };
		655875C726012B6C00642052 /* CharacterInfoView.swift */ = {isa = PBXFileReference; lastKnownFileType = sourcecode.swift; path = CharacterInfoView.swift; sourceTree = "<group>"; };
		655875CB26012BA000642052 /* CharacterModel.swift */ = {isa = PBXFileReference; lastKnownFileType = sourcecode.swift; path = CharacterModel.swift; sourceTree = "<group>"; };
		655875D026012C1100642052 /* single_character_mock.json */ = {isa = PBXFileReference; lastKnownFileType = text.json; path = single_character_mock.json; sourceTree = "<group>"; };
		6572F13F2604DE1300D7EAC9 /* CharacterTableViewCell.swift */ = {isa = PBXFileReference; lastKnownFileType = sourcecode.swift; path = CharacterTableViewCell.swift; sourceTree = "<group>"; };
		6572F1422604EB9400D7EAC9 /* CharacterListViewModel.swift */ = {isa = PBXFileReference; lastKnownFileType = sourcecode.swift; path = CharacterListViewModel.swift; sourceTree = "<group>"; };
		6572F1472604FCEC00D7EAC9 /* UITableView.swift */ = {isa = PBXFileReference; lastKnownFileType = sourcecode.swift; path = UITableView.swift; sourceTree = "<group>"; };
		6572F14B2604FD9000D7EAC9 /* Identifiable.swift */ = {isa = PBXFileReference; lastKnownFileType = sourcecode.swift; path = Identifiable.swift; sourceTree = "<group>"; };
		6572F14F2605024D00D7EAC9 /* CharactersContainer.swift */ = {isa = PBXFileReference; lastKnownFileType = sourcecode.swift; path = CharactersContainer.swift; sourceTree = "<group>"; };
		6572F152260505E600D7EAC9 /* Collection.swift */ = {isa = PBXFileReference; lastKnownFileType = sourcecode.swift; path = Collection.swift; sourceTree = "<group>"; };
		65B9D10C260AE756002DB043 /* TableView+deselect.swift */ = {isa = PBXFileReference; lastKnownFileType = sourcecode.swift; path = "TableView+deselect.swift"; sourceTree = "<group>"; };
		65FDACFD26013DDC00177CCF /* Coordinator.swift */ = {isa = PBXFileReference; lastKnownFileType = sourcecode.swift; path = Coordinator.swift; sourceTree = "<group>"; };
		65FDAD0026013ED800177CCF /* MainCoordinator.swift */ = {isa = PBXFileReference; lastKnownFileType = sourcecode.swift; path = MainCoordinator.swift; sourceTree = "<group>"; };
		C43A5D888FC78CD7C709F1E9 /* Pods-RickAndMorty.debug.xcconfig */ = {isa = PBXFileReference; includeInIndex = 1; lastKnownFileType = text.xcconfig; name = "Pods-RickAndMorty.debug.xcconfig"; path = "Target Support Files/Pods-RickAndMorty/Pods-RickAndMorty.debug.xcconfig"; sourceTree = "<group>"; };
		EB85DE960D713D308EF4FCE6 /* Pods_RickAndMorty.framework */ = {isa = PBXFileReference; explicitFileType = wrapper.framework; includeInIndex = 0; path = Pods_RickAndMorty.framework; sourceTree = BUILT_PRODUCTS_DIR; };
		F817C60122E93A4830749B3D /* Pods-RickAndMorty.release.xcconfig */ = {isa = PBXFileReference; includeInIndex = 1; lastKnownFileType = text.xcconfig; name = "Pods-RickAndMorty.release.xcconfig"; path = "Target Support Files/Pods-RickAndMorty/Pods-RickAndMorty.release.xcconfig"; sourceTree = "<group>"; };
/* End PBXFileReference section */

/* Begin PBXFrameworksBuildPhase section */
		655875AB26012AF800642052 /* Frameworks */ = {
			isa = PBXFrameworksBuildPhase;
			buildActionMask = 2147483647;
			files = (
				4D43470B147011C381303295 /* Pods_RickAndMorty.framework in Frameworks */,
			);
			runOnlyForDeploymentPostprocessing = 0;
		};
/* End PBXFrameworksBuildPhase section */

/* Begin PBXGroup section */
		6500AE5526014BAC00812CA9 /* Resources */ = {
			isa = PBXGroup;
			children = (
				655875B326012AF800642052 /* SceneDelegate.swift */,
				655875B126012AF800642052 /* AppDelegate.swift */,
				655875BA26012AFB00642052 /* Assets.xcassets */,
			);
			path = Resources;
			sourceTree = "<group>";
		};
		6553993426027F0600604D52 /* Service */ = {
			isa = PBXGroup;
			children = (
				6553993526027F1C00604D52 /* DataFetcher.swift */,
			);
			path = Service;
			sourceTree = "<group>";
		};
		655399382602822400604D52 /* Features */ = {
			isa = PBXGroup;
			children = (
				6572F1332604BE6100D7EAC9 /* CharactersList */,
				655399392602823900604D52 /* CharacterInfo */,
			);
			path = Features;
			sourceTree = "<group>";
		};
		655399392602823900604D52 /* CharacterInfo */ = {
			isa = PBXGroup;
			children = (
				655875B526012AF800642052 /* CharacterInfoViewController.swift */,
				6553993A2602828500604D52 /* CharacterInfoViewModel.swift */,
				655875C726012B6C00642052 /* CharacterInfoView.swift */,
			);
			path = CharacterInfo;
			sourceTree = "<group>";
		};
		655875A526012AF800642052 = {
			isa = PBXGroup;
			children = (
				655875B026012AF800642052 /* RickAndMorty */,
				655875AF26012AF800642052 /* Products */,
				B1DF63CA7BA3B351E8315914 /* Pods */,
				7646EDE826BE5CDA5CAC2CF1 /* Frameworks */,
			);
			sourceTree = "<group>";
		};
		655875AF26012AF800642052 /* Products */ = {
			isa = PBXGroup;
			children = (
				655875AE26012AF800642052 /* RickAndMorty.app */,
			);
			name = Products;
			sourceTree = "<group>";
		};
		655875B026012AF800642052 /* RickAndMorty */ = {
			isa = PBXGroup;
			children = (
				6572F14A2604FD7A00D7EAC9 /* Protocols */,
				6572F1462604FCD800D7EAC9 /* Extensions */,
				65B783782602D75300A26789 /* Flow */,
				655399382602822400604D52 /* Features */,
				6553993426027F0600604D52 /* Service */,
				6500AE5526014BAC00812CA9 /* Resources */,
				655875CA26012B8C00642052 /* Model */,
				655875C626012B1000642052 /* View */,
				655875D326012C3C00642052 /* Controller */,
				655875BF26012AFB00642052 /* Info.plist */,
				655875D026012C1100642052 /* single_character_mock.json */,
			);
			path = RickAndMorty;
			sourceTree = "<group>";
		};
		655875C626012B1000642052 /* View */ = {
			isa = PBXGroup;
			children = (
				655875BC26012AFB00642052 /* LaunchScreen.storyboard */,
			);
			path = View;
			sourceTree = "<group>";
		};
		655875CA26012B8C00642052 /* Model */ = {
			isa = PBXGroup;
			children = (
				655875CB26012BA000642052 /* CharacterModel.swift */,
				6572F14F2605024D00D7EAC9 /* CharactersContainer.swift */,
			);
			path = Model;
			sourceTree = "<group>";
		};
		655875D326012C3C00642052 /* Controller */ = {
			isa = PBXGroup;
			children = (
				6500AE5626014C2800812CA9 /* TabBarViewController.swift */,
				6500AE5926014D0600812CA9 /* SearchViewController.swift */,
				6553992D2601505900604D52 /* FavouritesViewController.swift */,
			);
			path = Controller;
			sourceTree = "<group>";
		};
		6572F1332604BE6100D7EAC9 /* CharactersList */ = {
			isa = PBXGroup;
			children = (
				6553992A26014FD500604D52 /* CharactersListViewController.swift */,
				6572F13F2604DE1300D7EAC9 /* CharacterTableViewCell.swift */,
				6572F1422604EB9400D7EAC9 /* CharacterListViewModel.swift */,
			);
			path = CharactersList;
			sourceTree = "<group>";
		};
		6572F1462604FCD800D7EAC9 /* Extensions */ = {
			isa = PBXGroup;
			children = (
				6572F1472604FCEC00D7EAC9 /* UITableView.swift */,
				6572F152260505E600D7EAC9 /* Collection.swift */,
				65B9D10C260AE756002DB043 /* TableView+deselect.swift */,
			);
			path = Extensions;
			sourceTree = "<group>";
		};
		6572F14A2604FD7A00D7EAC9 /* Protocols */ = {
			isa = PBXGroup;
			children = (
				6572F14B2604FD9000D7EAC9 /* Identifiable.swift */,
			);
			path = Protocols;
			sourceTree = "<group>";
		};
		65B783782602D75300A26789 /* Flow */ = {
			isa = PBXGroup;
			children = (
				65FDAD0026013ED800177CCF /* MainCoordinator.swift */,
				65FDACFD26013DDC00177CCF /* Coordinator.swift */,
			);
			path = Flow;
			sourceTree = "<group>";
		};
		7646EDE826BE5CDA5CAC2CF1 /* Frameworks */ = {
			isa = PBXGroup;
			children = (
				EB85DE960D713D308EF4FCE6 /* Pods_RickAndMorty.framework */,
			);
			name = Frameworks;
			sourceTree = "<group>";
		};
		B1DF63CA7BA3B351E8315914 /* Pods */ = {
			isa = PBXGroup;
			children = (
				C43A5D888FC78CD7C709F1E9 /* Pods-RickAndMorty.debug.xcconfig */,
				F817C60122E93A4830749B3D /* Pods-RickAndMorty.release.xcconfig */,
			);
			path = Pods;
			sourceTree = "<group>";
		};
/* End PBXGroup section */

/* Begin PBXNativeTarget section */
		655875AD26012AF800642052 /* RickAndMorty */ = {
			isa = PBXNativeTarget;
			buildConfigurationList = 655875C226012AFB00642052 /* Build configuration list for PBXNativeTarget "RickAndMorty" */;
			buildPhases = (
				A3681B1A940397F604EFC36B /* [CP] Check Pods Manifest.lock */,
				655875AA26012AF800642052 /* Sources */,
				655875AB26012AF800642052 /* Frameworks */,
				655875AC26012AF800642052 /* Resources */,
				20AC2C1EDA90233F9FD172A7 /* [CP] Embed Pods Frameworks */,
			);
			buildRules = (
			);
			dependencies = (
			);
			name = RickAndMorty;
			productName = RickAndMorty;
			productReference = 655875AE26012AF800642052 /* RickAndMorty.app */;
			productType = "com.apple.product-type.application";
		};
/* End PBXNativeTarget section */

/* Begin PBXProject section */
		655875A626012AF800642052 /* Project object */ = {
			isa = PBXProject;
			attributes = {
				LastSwiftUpdateCheck = 1240;
				LastUpgradeCheck = 1240;
				TargetAttributes = {
					655875AD26012AF800642052 = {
						CreatedOnToolsVersion = 12.4;
					};
				};
			};
			buildConfigurationList = 655875A926012AF800642052 /* Build configuration list for PBXProject "RickAndMorty" */;
			compatibilityVersion = "Xcode 9.3";
			developmentRegion = en;
			hasScannedForEncodings = 0;
			knownRegions = (
				en,
				Base,
			);
			mainGroup = 655875A526012AF800642052;
			productRefGroup = 655875AF26012AF800642052 /* Products */;
			projectDirPath = "";
			projectRoot = "";
			targets = (
				655875AD26012AF800642052 /* RickAndMorty */,
			);
		};
/* End PBXProject section */

/* Begin PBXResourcesBuildPhase section */
		655875AC26012AF800642052 /* Resources */ = {
			isa = PBXResourcesBuildPhase;
			buildActionMask = 2147483647;
			files = (
				655875BE26012AFB00642052 /* LaunchScreen.storyboard in Resources */,
				655875D126012C1100642052 /* single_character_mock.json in Resources */,
				655875BB26012AFB00642052 /* Assets.xcassets in Resources */,
			);
			runOnlyForDeploymentPostprocessing = 0;
		};
/* End PBXResourcesBuildPhase section */

/* Begin PBXShellScriptBuildPhase section */
		20AC2C1EDA90233F9FD172A7 /* [CP] Embed Pods Frameworks */ = {
			isa = PBXShellScriptBuildPhase;
			buildActionMask = 2147483647;
			files = (
			);
			inputFileListPaths = (
				"${PODS_ROOT}/Target Support Files/Pods-RickAndMorty/Pods-RickAndMorty-frameworks-${CONFIGURATION}-input-files.xcfilelist",
			);
			name = "[CP] Embed Pods Frameworks";
			outputFileListPaths = (
				"${PODS_ROOT}/Target Support Files/Pods-RickAndMorty/Pods-RickAndMorty-frameworks-${CONFIGURATION}-output-files.xcfilelist",
			);
			runOnlyForDeploymentPostprocessing = 0;
			shellPath = /bin/sh;
			shellScript = "\"${PODS_ROOT}/Target Support Files/Pods-RickAndMorty/Pods-RickAndMorty-frameworks.sh\"\n";
			showEnvVarsInLog = 0;
		};
		A3681B1A940397F604EFC36B /* [CP] Check Pods Manifest.lock */ = {
			isa = PBXShellScriptBuildPhase;
			buildActionMask = 2147483647;
			files = (
			);
			inputFileListPaths = (
			);
			inputPaths = (
				"${PODS_PODFILE_DIR_PATH}/Podfile.lock",
				"${PODS_ROOT}/Manifest.lock",
			);
			name = "[CP] Check Pods Manifest.lock";
			outputFileListPaths = (
			);
			outputPaths = (
				"$(DERIVED_FILE_DIR)/Pods-RickAndMorty-checkManifestLockResult.txt",
			);
			runOnlyForDeploymentPostprocessing = 0;
			shellPath = /bin/sh;
			shellScript = "diff \"${PODS_PODFILE_DIR_PATH}/Podfile.lock\" \"${PODS_ROOT}/Manifest.lock\" > /dev/null\nif [ $? != 0 ] ; then\n    # print error to STDERR\n    echo \"error: The sandbox is not in sync with the Podfile.lock. Run 'pod install' or update your CocoaPods installation.\" >&2\n    exit 1\nfi\n# This output is used by Xcode 'outputs' to avoid re-running this script phase.\necho \"SUCCESS\" > \"${SCRIPT_OUTPUT_FILE_0}\"\n";
			showEnvVarsInLog = 0;
		};
/* End PBXShellScriptBuildPhase section */

/* Begin PBXSourcesBuildPhase section */
		655875AA26012AF800642052 /* Sources */ = {
			isa = PBXSourcesBuildPhase;
			buildActionMask = 2147483647;
			files = (
				6500AE5726014C2800812CA9 /* TabBarViewController.swift in Sources */,
				655875B626012AF800642052 /* CharacterInfoViewController.swift in Sources */,
				6572F1402604DE1300D7EAC9 /* CharacterTableViewCell.swift in Sources */,
				6553993B2602828500604D52 /* CharacterInfoViewModel.swift in Sources */,
				65FDAD0126013ED800177CCF /* MainCoordinator.swift in Sources */,
				6553993626027F1C00604D52 /* DataFetcher.swift in Sources */,
				6553992E2601505900604D52 /* FavouritesViewController.swift in Sources */,
				6500AE5A26014D0600812CA9 /* SearchViewController.swift in Sources */,
				655875CC26012BA000642052 /* CharacterModel.swift in Sources */,
				65FDACFE26013DDC00177CCF /* Coordinator.swift in Sources */,
				6572F1482604FCEC00D7EAC9 /* UITableView.swift in Sources */,
				655875B226012AF800642052 /* AppDelegate.swift in Sources */,
				6572F14C2604FD9000D7EAC9 /* Identifiable.swift in Sources */,
				6572F1432604EB9400D7EAC9 /* CharacterListViewModel.swift in Sources */,
				65B9D10D260AE756002DB043 /* TableView+deselect.swift in Sources */,
				655875C826012B6C00642052 /* CharacterInfoView.swift in Sources */,
				6553992B26014FD500604D52 /* CharactersListViewController.swift in Sources */,
				6572F1502605024D00D7EAC9 /* CharactersContainer.swift in Sources */,
				6572F153260505E600D7EAC9 /* Collection.swift in Sources */,
				655875B426012AF800642052 /* SceneDelegate.swift in Sources */,
			);
			runOnlyForDeploymentPostprocessing = 0;
		};
/* End PBXSourcesBuildPhase section */

/* Begin PBXVariantGroup section */
		655875BC26012AFB00642052 /* LaunchScreen.storyboard */ = {
			isa = PBXVariantGroup;
			children = (
				655875BD26012AFB00642052 /* Base */,
			);
			name = LaunchScreen.storyboard;
			sourceTree = "<group>";
		};
/* End PBXVariantGroup section */

/* Begin XCBuildConfiguration section */
		655875C026012AFB00642052 /* Debug */ = {
			isa = XCBuildConfiguration;
			buildSettings = {
				ALWAYS_SEARCH_USER_PATHS = NO;
				CLANG_ANALYZER_NONNULL = YES;
				CLANG_ANALYZER_NUMBER_OBJECT_CONVERSION = YES_AGGRESSIVE;
				CLANG_CXX_LANGUAGE_STANDARD = "gnu++14";
				CLANG_CXX_LIBRARY = "libc++";
				CLANG_ENABLE_MODULES = YES;
				CLANG_ENABLE_OBJC_ARC = YES;
				CLANG_ENABLE_OBJC_WEAK = YES;
				CLANG_WARN_BLOCK_CAPTURE_AUTORELEASING = YES;
				CLANG_WARN_BOOL_CONVERSION = YES;
				CLANG_WARN_COMMA = YES;
				CLANG_WARN_CONSTANT_CONVERSION = YES;
				CLANG_WARN_DEPRECATED_OBJC_IMPLEMENTATIONS = YES;
				CLANG_WARN_DIRECT_OBJC_ISA_USAGE = YES_ERROR;
				CLANG_WARN_DOCUMENTATION_COMMENTS = YES;
				CLANG_WARN_EMPTY_BODY = YES;
				CLANG_WARN_ENUM_CONVERSION = YES;
				CLANG_WARN_INFINITE_RECURSION = YES;
				CLANG_WARN_INT_CONVERSION = YES;
				CLANG_WARN_NON_LITERAL_NULL_CONVERSION = YES;
				CLANG_WARN_OBJC_IMPLICIT_RETAIN_SELF = YES;
				CLANG_WARN_OBJC_LITERAL_CONVERSION = YES;
				CLANG_WARN_OBJC_ROOT_CLASS = YES_ERROR;
				CLANG_WARN_QUOTED_INCLUDE_IN_FRAMEWORK_HEADER = YES;
				CLANG_WARN_RANGE_LOOP_ANALYSIS = YES;
				CLANG_WARN_STRICT_PROTOTYPES = YES;
				CLANG_WARN_SUSPICIOUS_MOVE = YES;
				CLANG_WARN_UNGUARDED_AVAILABILITY = YES_AGGRESSIVE;
				CLANG_WARN_UNREACHABLE_CODE = YES;
				CLANG_WARN__DUPLICATE_METHOD_MATCH = YES;
				COPY_PHASE_STRIP = NO;
				DEBUG_INFORMATION_FORMAT = dwarf;
				ENABLE_STRICT_OBJC_MSGSEND = YES;
				ENABLE_TESTABILITY = YES;
				GCC_C_LANGUAGE_STANDARD = gnu11;
				GCC_DYNAMIC_NO_PIC = NO;
				GCC_NO_COMMON_BLOCKS = YES;
				GCC_OPTIMIZATION_LEVEL = 0;
				GCC_PREPROCESSOR_DEFINITIONS = (
					"DEBUG=1",
					"$(inherited)",
				);
				GCC_WARN_64_TO_32_BIT_CONVERSION = YES;
				GCC_WARN_ABOUT_RETURN_TYPE = YES_ERROR;
				GCC_WARN_UNDECLARED_SELECTOR = YES;
				GCC_WARN_UNINITIALIZED_AUTOS = YES_AGGRESSIVE;
				GCC_WARN_UNUSED_FUNCTION = YES;
				GCC_WARN_UNUSED_VARIABLE = YES;
				IPHONEOS_DEPLOYMENT_TARGET = 14.4;
				MTL_ENABLE_DEBUG_INFO = INCLUDE_SOURCE;
				MTL_FAST_MATH = YES;
				ONLY_ACTIVE_ARCH = YES;
				SDKROOT = iphoneos;
				SWIFT_ACTIVE_COMPILATION_CONDITIONS = DEBUG;
				SWIFT_OPTIMIZATION_LEVEL = "-Onone";
			};
			name = Debug;
		};
		655875C126012AFB00642052 /* Release */ = {
			isa = XCBuildConfiguration;
			buildSettings = {
				ALWAYS_SEARCH_USER_PATHS = NO;
				CLANG_ANALYZER_NONNULL = YES;
				CLANG_ANALYZER_NUMBER_OBJECT_CONVERSION = YES_AGGRESSIVE;
				CLANG_CXX_LANGUAGE_STANDARD = "gnu++14";
				CLANG_CXX_LIBRARY = "libc++";
				CLANG_ENABLE_MODULES = YES;
				CLANG_ENABLE_OBJC_ARC = YES;
				CLANG_ENABLE_OBJC_WEAK = YES;
				CLANG_WARN_BLOCK_CAPTURE_AUTORELEASING = YES;
				CLANG_WARN_BOOL_CONVERSION = YES;
				CLANG_WARN_COMMA = YES;
				CLANG_WARN_CONSTANT_CONVERSION = YES;
				CLANG_WARN_DEPRECATED_OBJC_IMPLEMENTATIONS = YES;
				CLANG_WARN_DIRECT_OBJC_ISA_USAGE = YES_ERROR;
				CLANG_WARN_DOCUMENTATION_COMMENTS = YES;
				CLANG_WARN_EMPTY_BODY = YES;
				CLANG_WARN_ENUM_CONVERSION = YES;
				CLANG_WARN_INFINITE_RECURSION = YES;
				CLANG_WARN_INT_CONVERSION = YES;
				CLANG_WARN_NON_LITERAL_NULL_CONVERSION = YES;
				CLANG_WARN_OBJC_IMPLICIT_RETAIN_SELF = YES;
				CLANG_WARN_OBJC_LITERAL_CONVERSION = YES;
				CLANG_WARN_OBJC_ROOT_CLASS = YES_ERROR;
				CLANG_WARN_QUOTED_INCLUDE_IN_FRAMEWORK_HEADER = YES;
				CLANG_WARN_RANGE_LOOP_ANALYSIS = YES;
				CLANG_WARN_STRICT_PROTOTYPES = YES;
				CLANG_WARN_SUSPICIOUS_MOVE = YES;
				CLANG_WARN_UNGUARDED_AVAILABILITY = YES_AGGRESSIVE;
				CLANG_WARN_UNREACHABLE_CODE = YES;
				CLANG_WARN__DUPLICATE_METHOD_MATCH = YES;
				COPY_PHASE_STRIP = NO;
				DEBUG_INFORMATION_FORMAT = "dwarf-with-dsym";
				ENABLE_NS_ASSERTIONS = NO;
				ENABLE_STRICT_OBJC_MSGSEND = YES;
				GCC_C_LANGUAGE_STANDARD = gnu11;
				GCC_NO_COMMON_BLOCKS = YES;
				GCC_WARN_64_TO_32_BIT_CONVERSION = YES;
				GCC_WARN_ABOUT_RETURN_TYPE = YES_ERROR;
				GCC_WARN_UNDECLARED_SELECTOR = YES;
				GCC_WARN_UNINITIALIZED_AUTOS = YES_AGGRESSIVE;
				GCC_WARN_UNUSED_FUNCTION = YES;
				GCC_WARN_UNUSED_VARIABLE = YES;
				IPHONEOS_DEPLOYMENT_TARGET = 14.4;
				MTL_ENABLE_DEBUG_INFO = NO;
				MTL_FAST_MATH = YES;
				SDKROOT = iphoneos;
				SWIFT_COMPILATION_MODE = wholemodule;
				SWIFT_OPTIMIZATION_LEVEL = "-O";
				VALIDATE_PRODUCT = YES;
			};
			name = Release;
		};
		655875C326012AFB00642052 /* Debug */ = {
			isa = XCBuildConfiguration;
			baseConfigurationReference = C43A5D888FC78CD7C709F1E9 /* Pods-RickAndMorty.debug.xcconfig */;
			buildSettings = {
				ASSETCATALOG_COMPILER_APPICON_NAME = AppIcon;
				ASSETCATALOG_COMPILER_GLOBAL_ACCENT_COLOR_NAME = AccentColor;
				CODE_SIGN_STYLE = Automatic;
				DEVELOPMENT_TEAM = 7G8SBAW9K3;
				INFOPLIST_FILE = RickAndMorty/Info.plist;
				LD_RUNPATH_SEARCH_PATHS = (
					"$(inherited)",
					"@executable_path/Frameworks",
				);
				PRODUCT_BUNDLE_IDENTIFIER = peterses.RickAndMorty;
				PRODUCT_NAME = "$(TARGET_NAME)";
				SWIFT_VERSION = 5.0;
				TARGETED_DEVICE_FAMILY = "1,2";
			};
			name = Debug;
		};
		655875C426012AFB00642052 /* Release */ = {
			isa = XCBuildConfiguration;
			baseConfigurationReference = F817C60122E93A4830749B3D /* Pods-RickAndMorty.release.xcconfig */;
			buildSettings = {
				ASSETCATALOG_COMPILER_APPICON_NAME = AppIcon;
				ASSETCATALOG_COMPILER_GLOBAL_ACCENT_COLOR_NAME = AccentColor;
				CODE_SIGN_STYLE = Automatic;
				DEVELOPMENT_TEAM = 7G8SBAW9K3;
				INFOPLIST_FILE = RickAndMorty/Info.plist;
				LD_RUNPATH_SEARCH_PATHS = (
					"$(inherited)",
					"@executable_path/Frameworks",
				);
				PRODUCT_BUNDLE_IDENTIFIER = peterses.RickAndMorty;
				PRODUCT_NAME = "$(TARGET_NAME)";
				SWIFT_VERSION = 5.0;
				TARGETED_DEVICE_FAMILY = "1,2";
			};
			name = Release;
		};
/* End XCBuildConfiguration section */

/* Begin XCConfigurationList section */
		655875A926012AF800642052 /* Build configuration list for PBXProject "RickAndMorty" */ = {
			isa = XCConfigurationList;
			buildConfigurations = (
				655875C026012AFB00642052 /* Debug */,
				655875C126012AFB00642052 /* Release */,
			);
			defaultConfigurationIsVisible = 0;
			defaultConfigurationName = Release;
		};
		655875C226012AFB00642052 /* Build configuration list for PBXNativeTarget "RickAndMorty" */ = {
			isa = XCConfigurationList;
			buildConfigurations = (
				655875C326012AFB00642052 /* Debug */,
				655875C426012AFB00642052 /* Release */,
			);
			defaultConfigurationIsVisible = 0;
			defaultConfigurationName = Release;
		};
/* End XCConfigurationList section */
	};
	rootObject = 655875A626012AF800642052 /* Project object */;
}
